// !$*UTF8*$!
{
	archiveVersion = 1;
	classes = {
	};
	objectVersion = 46;
	objects = {

/* Begin PBXBuildFile section */
		55D3121E1F2CEEC000C7F19C /* main.m in Sources */ = {isa = PBXBuildFile; fileRef = 55D3121D1F2CEEC000C7F19C /* main.m */; };
		55D312261F2CEED800C7F19C /* ULICommandLineApplication.m in Sources */ = {isa = PBXBuildFile; fileRef = 55D312251F2CEED800C7F19C /* ULICommandLineApplication.m */; };
		55D3122A1F2CEF3600C7F19C /* OCIApplication.m in Sources */ = {isa = PBXBuildFile; fileRef = 55D312291F2CEF3600C7F19C /* OCIApplication.m */; };
		55D312391F2D0F9500C7F19C /* AppDelegate.swift in Sources */ = {isa = PBXBuildFile; fileRef = 55D312381F2D0F9500C7F19C /* AppDelegate.swift */; };
		55D3123D1F2D0F9500C7F19C /* Assets.xcassets in Resources */ = {isa = PBXBuildFile; fileRef = 55D3123C1F2D0F9500C7F19C /* Assets.xcassets */; };
		55D312401F2D0F9500C7F19C /* Main.storyboard in Resources */ = {isa = PBXBuildFile; fileRef = 55D3123E1F2D0F9500C7F19C /* Main.storyboard */; };
		55D312491F2D10F600C7F19C /* Assets.swift in Sources */ = {isa = PBXBuildFile; fileRef = 55D312481F2D10F600C7F19C /* Assets.swift */; };
/* End PBXBuildFile section */

/* Begin PBXContainerItemProxy section */
		55D312451F2D0FCA00C7F19C /* PBXContainerItemProxy */ = {
			isa = PBXContainerItemProxy;
			containerPortal = 55D312121F2CEEC000C7F19C /* Project object */;
			proxyType = 1;
			remoteGlobalIDString = 55D312191F2CEEC000C7F19C;
			remoteInfo = ocimages;
		};
/* End PBXContainerItemProxy section */

/* Begin PBXCopyFilesBuildPhase section */
		55D312181F2CEEC000C7F19C /* CopyFiles */ = {
			isa = PBXCopyFilesBuildPhase;
			buildActionMask = 2147483647;
			dstPath = /usr/share/man/man1/;
			dstSubfolderSpec = 0;
			files = (
			);
			runOnlyForDeploymentPostprocessing = 1;
		};
/* End PBXCopyFilesBuildPhase section */

/* Begin PBXFileReference section */
		55D3121A1F2CEEC000C7F19C /* ocimages */ = {isa = PBXFileReference; explicitFileType = "compiled.mach-o.executable"; includeInIndex = 0; path = ocimages; sourceTree = BUILT_PRODUCTS_DIR; };
		55D3121D1F2CEEC000C7F19C /* main.m */ = {isa = PBXFileReference; lastKnownFileType = sourcecode.c.objc; path = main.m; sourceTree = "<group>"; };
		55D312241F2CEED800C7F19C /* ULICommandLineApplication.h */ = {isa = PBXFileReference; fileEncoding = 4; lastKnownFileType = sourcecode.c.h; path = ULICommandLineApplication.h; sourceTree = "<group>"; };
		55D312251F2CEED800C7F19C /* ULICommandLineApplication.m */ = {isa = PBXFileReference; fileEncoding = 4; lastKnownFileType = sourcecode.c.objc; path = ULICommandLineApplication.m; sourceTree = "<group>"; };
		55D312281F2CEF3600C7F19C /* OCIApplication.h */ = {isa = PBXFileReference; fileEncoding = 4; lastKnownFileType = sourcecode.c.h; path = OCIApplication.h; sourceTree = "<group>"; };
		55D312291F2CEF3600C7F19C /* OCIApplication.m */ = {isa = PBXFileReference; fileEncoding = 4; lastKnownFileType = sourcecode.c.objc; path = OCIApplication.m; sourceTree = "<group>"; };
		55D3122D1F2D027700C7F19C /* Readme.md */ = {isa = PBXFileReference; fileEncoding = 4; lastKnownFileType = net.daringfireball.markdown; path = Readme.md; sourceTree = "<group>"; };
		55D312361F2D0F9500C7F19C /* TestApp.app */ = {isa = PBXFileReference; explicitFileType = wrapper.application; includeInIndex = 0; path = TestApp.app; sourceTree = BUILT_PRODUCTS_DIR; };
		55D312381F2D0F9500C7F19C /* AppDelegate.swift */ = {isa = PBXFileReference; lastKnownFileType = sourcecode.swift; path = AppDelegate.swift; sourceTree = "<group>"; };
		55D3123C1F2D0F9500C7F19C /* Assets.xcassets */ = {isa = PBXFileReference; lastKnownFileType = folder.assetcatalog; path = Assets.xcassets; sourceTree = "<group>"; };
		55D3123F1F2D0F9500C7F19C /* Base */ = {isa = PBXFileReference; lastKnownFileType = file.storyboard; name = Base; path = Base.lproj/Main.storyboard; sourceTree = "<group>"; };
		55D312411F2D0F9500C7F19C /* Info.plist */ = {isa = PBXFileReference; lastKnownFileType = text.plist.xml; path = Info.plist; sourceTree = "<group>"; };
		55D312481F2D10F600C7F19C /* Assets.swift */ = {isa = PBXFileReference; fileEncoding = 4; lastKnownFileType = sourcecode.swift; path = Assets.swift; sourceTree = BUILT_PRODUCTS_DIR; };
/* End PBXFileReference section */

/* Begin PBXFrameworksBuildPhase section */
		55D312171F2CEEC000C7F19C /* Frameworks */ = {
			isa = PBXFrameworksBuildPhase;
			buildActionMask = 2147483647;
			files = (
			);
			runOnlyForDeploymentPostprocessing = 0;
		};
		55D312331F2D0F9500C7F19C /* Frameworks */ = {
			isa = PBXFrameworksBuildPhase;
			buildActionMask = 2147483647;
			files = (
			);
			runOnlyForDeploymentPostprocessing = 0;
		};
/* End PBXFrameworksBuildPhase section */

/* Begin PBXGroup section */
		55D312111F2CEEC000C7F19C = {
			isa = PBXGroup;
			children = (
				55D3122D1F2D027700C7F19C /* Readme.md */,
				55D3121C1F2CEEC000C7F19C /* ocimages */,
				55D312271F2CEF0400C7F19C /* Support Files */,
				55D312371F2D0F9500C7F19C /* TestApp */,
				55D3121B1F2CEEC000C7F19C /* Products */,
			);
			sourceTree = "<group>";
		};
		55D3121B1F2CEEC000C7F19C /* Products */ = {
			isa = PBXGroup;
			children = (
				55D3121A1F2CEEC000C7F19C /* ocimages */,
				55D312361F2D0F9500C7F19C /* TestApp.app */,
			);
			name = Products;
			sourceTree = "<group>";
		};
		55D3121C1F2CEEC000C7F19C /* ocimages */ = {
			isa = PBXGroup;
			children = (
				55D312281F2CEF3600C7F19C /* OCIApplication.h */,
				55D312291F2CEF3600C7F19C /* OCIApplication.m */,
			);
			path = ocimages;
			sourceTree = "<group>";
		};
		55D312271F2CEF0400C7F19C /* Support Files */ = {
			isa = PBXGroup;
			children = (
				55D3121D1F2CEEC000C7F19C /* main.m */,
				55D312241F2CEED800C7F19C /* ULICommandLineApplication.h */,
				55D312251F2CEED800C7F19C /* ULICommandLineApplication.m */,
			);
			name = "Support Files";
			path = ocimages;
			sourceTree = "<group>";
		};
		55D312371F2D0F9500C7F19C /* TestApp */ = {
			isa = PBXGroup;
			children = (
				55D312381F2D0F9500C7F19C /* AppDelegate.swift */,
				55D312481F2D10F600C7F19C /* Assets.swift */,
				55D3123C1F2D0F9500C7F19C /* Assets.xcassets */,
				55D3123E1F2D0F9500C7F19C /* Main.storyboard */,
				55D312411F2D0F9500C7F19C /* Info.plist */,
			);
			path = TestApp;
			sourceTree = "<group>";
		};
/* End PBXGroup section */

/* Begin PBXNativeTarget section */
		55D312191F2CEEC000C7F19C /* ocimages */ = {
			isa = PBXNativeTarget;
			buildConfigurationList = 55D312211F2CEEC000C7F19C /* Build configuration list for PBXNativeTarget "ocimages" */;
			buildPhases = (
				55D312161F2CEEC000C7F19C /* Sources */,
				55D312171F2CEEC000C7F19C /* Frameworks */,
				55D312181F2CEEC000C7F19C /* CopyFiles */,
			);
			buildRules = (
			);
			dependencies = (
			);
			name = ocimages;
			productName = ocimages;
			productReference = 55D3121A1F2CEEC000C7F19C /* ocimages */;
			productType = "com.apple.product-type.tool";
		};
		55D312351F2D0F9500C7F19C /* TestApp */ = {
			isa = PBXNativeTarget;
			buildConfigurationList = 55D312441F2D0F9500C7F19C /* Build configuration list for PBXNativeTarget "TestApp" */;
			buildPhases = (
				55D312471F2D0FD000C7F19C /* ShellScript */,
				55D312321F2D0F9500C7F19C /* Sources */,
				55D312331F2D0F9500C7F19C /* Frameworks */,
				55D312341F2D0F9500C7F19C /* Resources */,
			);
			buildRules = (
			);
			dependencies = (
				55D312461F2D0FCA00C7F19C /* PBXTargetDependency */,
			);
			name = TestApp;
			productName = TestApp;
			productReference = 55D312361F2D0F9500C7F19C /* TestApp.app */;
			productType = "com.apple.product-type.application";
		};
/* End PBXNativeTarget section */

/* Begin PBXProject section */
		55D312121F2CEEC000C7F19C /* Project object */ = {
			isa = PBXProject;
			attributes = {
				LastSwiftUpdateCheck = 0830;
				LastUpgradeCheck = 0830;
				ORGANIZATIONNAME = "Uli Kusterer";
				TargetAttributes = {
					55D312191F2CEEC000C7F19C = {
						CreatedOnToolsVersion = 8.3.3;
						DevelopmentTeam = RCKXACKVZS;
						ProvisioningStyle = Automatic;
					};
					55D312351F2D0F9500C7F19C = {
						CreatedOnToolsVersion = 8.3.3;
						DevelopmentTeam = RCKXACKVZS;
						ProvisioningStyle = Automatic;
					};
				};
			};
			buildConfigurationList = 55D312151F2CEEC000C7F19C /* Build configuration list for PBXProject "ocimages" */;
			compatibilityVersion = "Xcode 3.2";
			developmentRegion = English;
			hasScannedForEncodings = 0;
			knownRegions = (
				en,
				Base,
			);
			mainGroup = 55D312111F2CEEC000C7F19C;
			productRefGroup = 55D3121B1F2CEEC000C7F19C /* Products */;
			projectDirPath = "";
			projectRoot = "";
			targets = (
				55D312191F2CEEC000C7F19C /* ocimages */,
				55D312351F2D0F9500C7F19C /* TestApp */,
			);
		};
/* End PBXProject section */

/* Begin PBXResourcesBuildPhase section */
		55D312341F2D0F9500C7F19C /* Resources */ = {
			isa = PBXResourcesBuildPhase;
			buildActionMask = 2147483647;
			files = (
				55D3123D1F2D0F9500C7F19C /* Assets.xcassets in Resources */,
				55D312401F2D0F9500C7F19C /* Main.storyboard in Resources */,
			);
			runOnlyForDeploymentPostprocessing = 0;
		};
/* End PBXResourcesBuildPhase section */

/* Begin PBXShellScriptBuildPhase section */
		55D312471F2D0FD000C7F19C /* ShellScript */ = {
			isa = PBXShellScriptBuildPhase;
			buildActionMask = 2147483647;
			files = (
			);
			inputPaths = (
			);
			outputPaths = (
			);
			runOnlyForDeploymentPostprocessing = 0;
			shellPath = /bin/sh;
			shellScript = "PREVIOUS_DIR=`pwd`\ncd ${BUILT_PRODUCTS_DIR}\n${BUILT_PRODUCTS_DIR}/ocimages ${PROJECT_DIR}/TestApp/Assets.xcassets\ncd ${PREVIOUS_DIR}";
		};
/* End PBXShellScriptBuildPhase section */

/* Begin PBXSourcesBuildPhase section */
		55D312161F2CEEC000C7F19C /* Sources */ = {
			isa = PBXSourcesBuildPhase;
			buildActionMask = 2147483647;
			files = (
				55D3121E1F2CEEC000C7F19C /* main.m in Sources */,
				55D312261F2CEED800C7F19C /* ULICommandLineApplication.m in Sources */,
				55D3122A1F2CEF3600C7F19C /* OCIApplication.m in Sources */,
			);
			runOnlyForDeploymentPostprocessing = 0;
		};
		55D312321F2D0F9500C7F19C /* Sources */ = {
			isa = PBXSourcesBuildPhase;
			buildActionMask = 2147483647;
			files = (
				55D312491F2D10F600C7F19C /* Assets.swift in Sources */,
				55D312391F2D0F9500C7F19C /* AppDelegate.swift in Sources */,
			);
			runOnlyForDeploymentPostprocessing = 0;
		};
/* End PBXSourcesBuildPhase section */

/* Begin PBXTargetDependency section */
		55D312461F2D0FCA00C7F19C /* PBXTargetDependency */ = {
			isa = PBXTargetDependency;
			target = 55D312191F2CEEC000C7F19C /* ocimages */;
			targetProxy = 55D312451F2D0FCA00C7F19C /* PBXContainerItemProxy */;
		};
/* End PBXTargetDependency section */

/* Begin PBXVariantGroup section */
		55D3123E1F2D0F9500C7F19C /* Main.storyboard */ = {
			isa = PBXVariantGroup;
			children = (
				55D3123F1F2D0F9500C7F19C /* Base */,
			);
			name = Main.storyboard;
			sourceTree = "<group>";
		};
/* End PBXVariantGroup section */

/* Begin XCBuildConfiguration section */
		55D3121F1F2CEEC000C7F19C /* Debug */ = {
			isa = XCBuildConfiguration;
			buildSettings = {
				ALWAYS_SEARCH_USER_PATHS = NO;
				CLANG_ANALYZER_NONNULL = YES;
				CLANG_ANALYZER_NUMBER_OBJECT_CONVERSION = YES_AGGRESSIVE;
				CLANG_CXX_LANGUAGE_STANDARD = "gnu++0x";
				CLANG_CXX_LIBRARY = "libc++";
				CLANG_ENABLE_MODULES = YES;
				CLANG_ENABLE_OBJC_ARC = YES;
				CLANG_WARN_BOOL_CONVERSION = YES;
				CLANG_WARN_CONSTANT_CONVERSION = YES;
				CLANG_WARN_DIRECT_OBJC_ISA_USAGE = YES_ERROR;
				CLANG_WARN_DOCUMENTATION_COMMENTS = YES;
				CLANG_WARN_EMPTY_BODY = YES;
				CLANG_WARN_ENUM_CONVERSION = YES;
				CLANG_WARN_INFINITE_RECURSION = YES;
				CLANG_WARN_INT_CONVERSION = YES;
				CLANG_WARN_OBJC_ROOT_CLASS = YES_ERROR;
				CLANG_WARN_SUSPICIOUS_MOVE = YES;
				CLANG_WARN_UNREACHABLE_CODE = YES;
				CLANG_WARN__DUPLICATE_METHOD_MATCH = YES;
				CODE_SIGN_IDENTITY = "-";
				COPY_PHASE_STRIP = NO;
				DEBUG_INFORMATION_FORMAT = dwarf;
				ENABLE_STRICT_OBJC_MSGSEND = YES;
				ENABLE_TESTABILITY = YES;
				GCC_C_LANGUAGE_STANDARD = gnu99;
				GCC_DYNAMIC_NO_PIC = NO;
				GCC_NO_COMMON_BLOCKS = YES;
				GCC_OPTIMIZATION_LEVEL = 0;
				GCC_PREPROCESSOR_DEFINITIONS = (
					"DEBUG=1",
					"$(inherited)",
				);
				GCC_WARN_64_TO_32_BIT_CONVERSION = YES;
				GCC_WARN_ABOUT_RETURN_TYPE = YES_ERROR;
				GCC_WARN_UNDECLARED_SELECTOR = YES;
				GCC_WARN_UNINITIALIZED_AUTOS = YES_AGGRESSIVE;
				GCC_WARN_UNUSED_FUNCTION = YES;
				GCC_WARN_UNUSED_VARIABLE = YES;
				MACOSX_DEPLOYMENT_TARGET = 10.12;
				MTL_ENABLE_DEBUG_INFO = YES;
				ONLY_ACTIVE_ARCH = YES;
				SDKROOT = macosx;
			};
			name = Debug;
		};
		55D312201F2CEEC000C7F19C /* Release */ = {
			isa = XCBuildConfiguration;
			buildSettings = {
				ALWAYS_SEARCH_USER_PATHS = NO;
				CLANG_ANALYZER_NONNULL = YES;
				CLANG_ANALYZER_NUMBER_OBJECT_CONVERSION = YES_AGGRESSIVE;
				CLANG_CXX_LANGUAGE_STANDARD = "gnu++0x";
				CLANG_CXX_LIBRARY = "libc++";
				CLANG_ENABLE_MODULES = YES;
				CLANG_ENABLE_OBJC_ARC = YES;
				CLANG_WARN_BOOL_CONVERSION = YES;
				CLANG_WARN_CONSTANT_CONVERSION = YES;
				CLANG_WARN_DIRECT_OBJC_ISA_USAGE = YES_ERROR;
				CLANG_WARN_DOCUMENTATION_COMMENTS = YES;
				CLANG_WARN_EMPTY_BODY = YES;
				CLANG_WARN_ENUM_CONVERSION = YES;
				CLANG_WARN_INFINITE_RECURSION = YES;
				CLANG_WARN_INT_CONVERSION = YES;
				CLANG_WARN_OBJC_ROOT_CLASS = YES_ERROR;
				CLANG_WARN_SUSPICIOUS_MOVE = YES;
				CLANG_WARN_UNREACHABLE_CODE = YES;
				CLANG_WARN__DUPLICATE_METHOD_MATCH = YES;
				CODE_SIGN_IDENTITY = "-";
				COPY_PHASE_STRIP = NO;
				DEBUG_INFORMATION_FORMAT = "dwarf-with-dsym";
				ENABLE_NS_ASSERTIONS = NO;
				ENABLE_STRICT_OBJC_MSGSEND = YES;
				GCC_C_LANGUAGE_STANDARD = gnu99;
				GCC_NO_COMMON_BLOCKS = YES;
				GCC_WARN_64_TO_32_BIT_CONVERSION = YES;
				GCC_WARN_ABOUT_RETURN_TYPE = YES_ERROR;
				GCC_WARN_UNDECLARED_SELECTOR = YES;
				GCC_WARN_UNINITIALIZED_AUTOS = YES_AGGRESSIVE;
				GCC_WARN_UNUSED_FUNCTION = YES;
				GCC_WARN_UNUSED_VARIABLE = YES;
				MACOSX_DEPLOYMENT_TARGET = 10.12;
				MTL_ENABLE_DEBUG_INFO = NO;
				SDKROOT = macosx;
			};
			name = Release;
		};
		55D312221F2CEEC000C7F19C /* Debug */ = {
			isa = XCBuildConfiguration;
			buildSettings = {
				DEVELOPMENT_TEAM = RCKXACKVZS;
				PRODUCT_NAME = "$(TARGET_NAME)";
			};
			name = Debug;
		};
		55D312231F2CEEC000C7F19C /* Release */ = {
			isa = XCBuildConfiguration;
			buildSettings = {
				DEVELOPMENT_TEAM = RCKXACKVZS;
				PRODUCT_NAME = "$(TARGET_NAME)";
			};
			name = Release;
		};
		55D312421F2D0F9500C7F19C /* Debug */ = {
			isa = XCBuildConfiguration;
			buildSettings = {
				ASSETCATALOG_COMPILER_APPICON_NAME = AppIcon;
				COMBINE_HIDPI_IMAGES = YES;
				DEVELOPMENT_TEAM = RCKXACKVZS;
				INFOPLIST_FILE = TestApp/Info.plist;
				LD_RUNPATH_SEARCH_PATHS = "$(inherited) @executable_path/../Frameworks";
				PRODUCT_BUNDLE_IDENTIFIER = com.thevoidsoftware.TestApp;
				PRODUCT_NAME = "$(TARGET_NAME)";
				SWIFT_ACTIVE_COMPILATION_CONDITIONS = DEBUG;
				SWIFT_OPTIMIZATION_LEVEL = "-Onone";
				SWIFT_VERSION = 3.0;
			};
			name = Debug;
		};
		55D312431F2D0F9500C7F19C /* Release */ = {
			isa = XCBuildConfiguration;
			buildSettings = {
				ASSETCATALOG_COMPILER_APPICON_NAME = AppIcon;
				COMBINE_HIDPI_IMAGES = YES;
				DEVELOPMENT_TEAM = RCKXACKVZS;
				INFOPLIST_FILE = TestApp/Info.plist;
				LD_RUNPATH_SEARCH_PATHS = "$(inherited) @executable_path/../Frameworks";
				PRODUCT_BUNDLE_IDENTIFIER = com.thevoidsoftware.TestApp;
				PRODUCT_NAME = "$(TARGET_NAME)";
				SWIFT_OPTIMIZATION_LEVEL = "-Owholemodule";
				SWIFT_VERSION = 3.0;
			};
			name = Release;
		};
/* End XCBuildConfiguration section */

/* Begin XCConfigurationList section */
		55D312151F2CEEC000C7F19C /* Build configuration list for PBXProject "ocimages" */ = {
			isa = XCConfigurationList;
			buildConfigurations = (
				55D3121F1F2CEEC000C7F19C /* Debug */,
				55D312201F2CEEC000C7F19C /* Release */,
			);
			defaultConfigurationIsVisible = 0;
			defaultConfigurationName = Release;
		};
		55D312211F2CEEC000C7F19C /* Build configuration list for PBXNativeTarget "ocimages" */ = {
			isa = XCConfigurationList;
			buildConfigurations = (
				55D312221F2CEEC000C7F19C /* Debug */,
				55D312231F2CEEC000C7F19C /* Release */,
			);
			defaultConfigurationIsVisible = 0;
			defaultConfigurationName = Release;
		};
		55D312441F2D0F9500C7F19C /* Build configuration list for PBXNativeTarget "TestApp" */ = {
			isa = XCConfigurationList;
			buildConfigurations = (
				55D312421F2D0F9500C7F19C /* Debug */,
				55D312431F2D0F9500C7F19C /* Release */,
			);
			defaultConfigurationIsVisible = 0;
		};
/* End XCConfigurationList section */
	};
	rootObject = 55D312121F2CEEC000C7F19C /* Project object */;
}
